
Microsoft Visual Studio Solution File, Format Version 12.00
# Visual Studio Version 16
VisualStudioVersion = 16.0.30406.217
MinimumVisualStudioVersion = 10.0.40219.1
Project("{9A19103F-16F7-4668-BE54-9A1E7A4F7556}") = "JunsBlog", "JunsBlog\JunsBlog.csproj", "{865B43F1-FB21-4D89-B9FD-4F0C5D417629}"
EndProject
Project("{FAE04EC0-301F-11D3-BF4B-00C04F79EFBC}") = "JunsBlog.Test", "JunsBlog.Test\JunsBlog.Test.csproj", "{2BAB9468-FF49-4272-807F-2114F35F3779}"
EndProject
Global
	GlobalSection(SolutionConfigurationPlatforms) = preSolution
		Debug|Any CPU = Debug|Any CPU
		Release|Any CPU = Release|Any CPU
	EndGlobalSection
	GlobalSection(ProjectConfigurationPlatforms) = postSolution
		{865B43F1-FB21-4D89-B9FD-4F0C5D417629}.Debug|Any CPU.ActiveCfg = Debug|Any CPU
		{865B43F1-FB21-4D89-B9FD-4F0C5D417629}.Debug|Any CPU.Build.0 = Debug|Any CPU
		{865B43F1-FB21-4D89-B9FD-4F0C5D417629}.Release|Any CPU.ActiveCfg = Release|Any CPU
		{865B43F1-FB21-4D89-B9FD-4F0C5D417629}.Release|Any CPU.Build.0 = Release|Any CPU
		{2BAB9468-FF49-4272-807F-2114F35F3779}.Debug|Any CPU.ActiveCfg = Debug|Any CPU
		{2BAB9468-FF49-4272-807F-2114F35F3779}.Debug|Any CPU.Build.0 = Debug|Any CPU
		{2BAB9468-FF49-4272-807F-2114F35F3779}.Release|Any CPU.ActiveCfg = Release|Any CPU
		{2BAB9468-FF49-4272-807F-2114F35F3779}.Release|Any CPU.Build.0 = Release|Any CPU
	EndGlobalSection
	GlobalSection(SolutionProperties) = preSolution
		HideSolutionNode = FALSE
	EndGlobalSection
	GlobalSection(ExtensibilityGlobals) = postSolution
		SolutionGuid = {37F3D89C-51B7-43CF-BD86-78B27969B2CC}
	EndGlobalSection
EndGlobal
